
Microsoft Visual Studio Solution File, Format Version 11.00
# Visual C# Express 2010
Project("{FAE04EC0-301F-11D3-BF4B-00C04F79EFBC}") = "Sum", "Chapter4\Sum.csproj", "{15CE0AE3-C186-4BE0-9A95-6ED6F25E1862}"
EndProject
Project("{FAE04EC0-301F-11D3-BF4B-00C04F79EFBC}") = "GetVowels.cs", "GetVowels.cs\GetVowels.cs.csproj", "{253588BC-3762-475F-81E7-46B8D5CD202D}"
EndProject
Project("{FAE04EC0-301F-11D3-BF4B-00C04F79EFBC}") = "PayRate", "ConsoleApplication1\PayRate.csproj", "{8CE06639-F076-4822-904F-9381D04FC7F8}"
EndProject
Project("{FAE04EC0-301F-11D3-BF4B-00C04F79EFBC}") = "EvenNumbers", "ConsoleApplication2\EvenNumbers.csproj", "{BB9A3454-715C-4099-A54D-8351F8096086}"
EndProject
Project("{FAE04EC0-301F-11D3-BF4B-00C04F79EFBC}") = "TableofSquare", "TableofSquare\TableofSquare.csproj", "{1B33AF4C-323E-46DA-9C5F-9773741B0DC5}"
EndProject
Project("{FAE04EC0-301F-11D3-BF4B-00C04F79EFBC}") = "Sum50", "Sum50\Sum50.csproj", "{096D9642-64F1-49CF-9F24-AEE3C753D9B9}"
EndProject
Project("{FAE04EC0-301F-11D3-BF4B-00C04F79EFBC}") = "Perfect", "Perfect\Perfect.csproj", "{858B3C43-A151-4DDC-A089-EADB31C12FD3}"
EndProject
Global
	GlobalSection(SolutionConfigurationPlatforms) = preSolution
		Debug|x86 = Debug|x86
		Release|x86 = Release|x86
	EndGlobalSection
	GlobalSection(ProjectConfigurationPlatforms) = postSolution
		{15CE0AE3-C186-4BE0-9A95-6ED6F25E1862}.Debug|x86.ActiveCfg = Debug|x86
		{15CE0AE3-C186-4BE0-9A95-6ED6F25E1862}.Debug|x86.Build.0 = Debug|x86
		{15CE0AE3-C186-4BE0-9A95-6ED6F25E1862}.Release|x86.ActiveCfg = Release|x86
		{15CE0AE3-C186-4BE0-9A95-6ED6F25E1862}.Release|x86.Build.0 = Release|x86
		{253588BC-3762-475F-81E7-46B8D5CD202D}.Debug|x86.ActiveCfg = Debug|x86
		{253588BC-3762-475F-81E7-46B8D5CD202D}.Debug|x86.Build.0 = Debug|x86
		{253588BC-3762-475F-81E7-46B8D5CD202D}.Release|x86.ActiveCfg = Release|x86
		{253588BC-3762-475F-81E7-46B8D5CD202D}.Release|x86.Build.0 = Release|x86
		{8CE06639-F076-4822-904F-9381D04FC7F8}.Debug|x86.ActiveCfg = Debug|x86
		{8CE06639-F076-4822-904F-9381D04FC7F8}.Debug|x86.Build.0 = Debug|x86
		{8CE06639-F076-4822-904F-9381D04FC7F8}.Release|x86.ActiveCfg = Release|x86
		{8CE06639-F076-4822-904F-9381D04FC7F8}.Release|x86.Build.0 = Release|x86
		{BB9A3454-715C-4099-A54D-8351F8096086}.Debug|x86.ActiveCfg = Debug|x86
		{BB9A3454-715C-4099-A54D-8351F8096086}.Debug|x86.Build.0 = Debug|x86
		{BB9A3454-715C-4099-A54D-8351F8096086}.Release|x86.ActiveCfg = Release|x86
		{BB9A3454-715C-4099-A54D-8351F8096086}.Release|x86.Build.0 = Release|x86
		{1B33AF4C-323E-46DA-9C5F-9773741B0DC5}.Debug|x86.ActiveCfg = Debug|x86
		{1B33AF4C-323E-46DA-9C5F-9773741B0DC5}.Debug|x86.Build.0 = Debug|x86
		{1B33AF4C-323E-46DA-9C5F-9773741B0DC5}.Release|x86.ActiveCfg = Release|x86
		{1B33AF4C-323E-46DA-9C5F-9773741B0DC5}.Release|x86.Build.0 = Release|x86
		{096D9642-64F1-49CF-9F24-AEE3C753D9B9}.Debug|x86.ActiveCfg = Debug|x86
		{096D9642-64F1-49CF-9F24-AEE3C753D9B9}.Debug|x86.Build.0 = Debug|x86
		{096D9642-64F1-49CF-9F24-AEE3C753D9B9}.Release|x86.ActiveCfg = Release|x86
		{096D9642-64F1-49CF-9F24-AEE3C753D9B9}.Release|x86.Build.0 = Release|x86
		{858B3C43-A151-4DDC-A089-EADB31C12FD3}.Debug|x86.ActiveCfg = Debug|x86
		{858B3C43-A151-4DDC-A089-EADB31C12FD3}.Debug|x86.Build.0 = Debug|x86
		{858B3C43-A151-4DDC-A089-EADB31C12FD3}.Release|x86.ActiveCfg = Release|x86
		{858B3C43-A151-4DDC-A089-EADB31C12FD3}.Release|x86.Build.0 = Release|x86
	EndGlobalSection
	GlobalSection(SolutionProperties) = preSolution
		HideSolutionNode = FALSE
	EndGlobalSection
EndGlobal
